
Microsoft Visual Studio Solution File, Format Version 12.00
# Visual Studio Version 17
VisualStudioVersion = 17.14.36518.9
MinimumVisualStudioVersion = 10.0.40219.1
Project("{FAE04EC0-301F-11D3-BF4B-00C04F79EFBC}") = "company.PL", "company.PL\company.PL.csproj", "{C77FC264-A248-441B-934E-3D2105664DF4}"
EndProject
Project("{FAE04EC0-301F-11D3-BF4B-00C04F79EFBC}") = "company.BLL", "company.BLL\company.BLL.csproj", "{C616CA34-F0BE-4AB1-A10E-E28505CADDA7}"
EndProject
Project("{FAE04EC0-301F-11D3-BF4B-00C04F79EFBC}") = "company.DAL", "company.DAL\company.DAL.csproj", "{1F2D5D3C-3B2F-4B56-A93E-BF2F747CED22}"
EndProject
Global
	GlobalSection(SolutionConfigurationPlatforms) = preSolution
		Debug|Any CPU = Debug|Any CPU
		Release|Any CPU = Release|Any CPU
	EndGlobalSection
	GlobalSection(ProjectConfigurationPlatforms) = postSolution
		{C77FC264-A248-441B-934E-3D2105664DF4}.Debug|Any CPU.ActiveCfg = Debug|Any CPU
		{C77FC264-A248-441B-934E-3D2105664DF4}.Debug|Any CPU.Build.0 = Debug|Any CPU
		{C77FC264-A248-441B-934E-3D2105664DF4}.Release|Any CPU.ActiveCfg = Release|Any CPU
		{C77FC264-A248-441B-934E-3D2105664DF4}.Release|Any CPU.Build.0 = Release|Any CPU
		{C616CA34-F0BE-4AB1-A10E-E28505CADDA7}.Debug|Any CPU.ActiveCfg = Debug|Any CPU
		{C616CA34-F0BE-4AB1-A10E-E28505CADDA7}.Debug|Any CPU.Build.0 = Debug|Any CPU
		{C616CA34-F0BE-4AB1-A10E-E28505CADDA7}.Release|Any CPU.ActiveCfg = Release|Any CPU
		{C616CA34-F0BE-4AB1-A10E-E28505CADDA7}.Release|Any CPU.Build.0 = Release|Any CPU
		{1F2D5D3C-3B2F-4B56-A93E-BF2F747CED22}.Debug|Any CPU.ActiveCfg = Debug|Any CPU
		{1F2D5D3C-3B2F-4B56-A93E-BF2F747CED22}.Debug|Any CPU.Build.0 = Debug|Any CPU
		{1F2D5D3C-3B2F-4B56-A93E-BF2F747CED22}.Release|Any CPU.ActiveCfg = Release|Any CPU
		{1F2D5D3C-3B2F-4B56-A93E-BF2F747CED22}.Release|Any CPU.Build.0 = Release|Any CPU
	EndGlobalSection
	GlobalSection(SolutionProperties) = preSolution
		HideSolutionNode = FALSE
	EndGlobalSection
	GlobalSection(ExtensibilityGlobals) = postSolution
		SolutionGuid = {01AF8F34-F7C4-4460-B84C-99BFA4083142}
	EndGlobalSection
EndGlobal
